
Microsoft Visual Studio Solution File, Format Version 12.00
# Visual Studio Version 16
VisualStudioVersion = 16.0.29709.97
MinimumVisualStudioVersion = 10.0.40219.1
Project("{FAE04EC0-301F-11D3-BF4B-00C04F79EFBC}") = "SDAM Assignment", "SDAM Assignment\SDAM Assignment.csproj", "{CEEC04BD-2D48-4992-8551-476C5F105C28}"
EndProject
Global
	GlobalSection(SolutionConfigurationPlatforms) = preSolution
		Debug|Any CPU = Debug|Any CPU
		Release|Any CPU = Release|Any CPU
	EndGlobalSection
	GlobalSection(ProjectConfigurationPlatforms) = postSolution
		{CEEC04BD-2D48-4992-8551-476C5F105C28}.Debug|Any CPU.ActiveCfg = Debug|Any CPU
		{CEEC04BD-2D48-4992-8551-476C5F105C28}.Debug|Any CPU.Build.0 = Debug|Any CPU
		{CEEC04BD-2D48-4992-8551-476C5F105C28}.Release|Any CPU.ActiveCfg = Release|Any CPU
		{CEEC04BD-2D48-4992-8551-476C5F105C28}.Release|Any CPU.Build.0 = Release|Any CPU
	EndGlobalSection
	GlobalSection(SolutionProperties) = preSolution
		HideSolutionNode = FALSE
	EndGlobalSection
	GlobalSection(ExtensibilityGlobals) = postSolution
		SolutionGuid = {469FBC75-A71F-4292-B7B1-41E93422ED71}
	EndGlobalSection
EndGlobal
